
Microsoft Visual Studio Solution File, Format Version 12.00
# Visual Studio Version 16
VisualStudioVersion = 16.0.30804.86
MinimumVisualStudioVersion = 10.0.40219.1
Project("{9A19103F-16F7-4668-BE54-9A1E7A4F7556}") = "DataAccess", "DataAccess\DataAccess.csproj", "{E7E3B844-ED30-4746-A06D-7B355C6C20F0}"
EndProject
Project("{9A19103F-16F7-4668-BE54-9A1E7A4F7556}") = "Business", "Business\Business.csproj", "{C821D741-C388-46D1-B9B8-26D44E63CCE6}"
EndProject
Project("{9A19103F-16F7-4668-BE54-9A1E7A4F7556}") = "Entities", "Entities\Entities.csproj", "{A7B5EF5F-3808-4135-B9CD-F7D2AFCADDE7}"
EndProject
Project("{9A19103F-16F7-4668-BE54-9A1E7A4F7556}") = "ConsoleUı", "ConsoleUı\ConsoleUı.csproj", "{2562A3B6-D7A5-41B0-914F-29DCCB225F45}"
EndProject
Global
	GlobalSection(SolutionConfigurationPlatforms) = preSolution
		Debug|Any CPU = Debug|Any CPU
		Release|Any CPU = Release|Any CPU
	EndGlobalSection
	GlobalSection(ProjectConfigurationPlatforms) = postSolution
		{E7E3B844-ED30-4746-A06D-7B355C6C20F0}.Debug|Any CPU.ActiveCfg = Debug|Any CPU
		{E7E3B844-ED30-4746-A06D-7B355C6C20F0}.Debug|Any CPU.Build.0 = Debug|Any CPU
		{E7E3B844-ED30-4746-A06D-7B355C6C20F0}.Release|Any CPU.ActiveCfg = Release|Any CPU
		{E7E3B844-ED30-4746-A06D-7B355C6C20F0}.Release|Any CPU.Build.0 = Release|Any CPU
		{C821D741-C388-46D1-B9B8-26D44E63CCE6}.Debug|Any CPU.ActiveCfg = Debug|Any CPU
		{C821D741-C388-46D1-B9B8-26D44E63CCE6}.Debug|Any CPU.Build.0 = Debug|Any CPU
		{C821D741-C388-46D1-B9B8-26D44E63CCE6}.Release|Any CPU.ActiveCfg = Release|Any CPU
		{C821D741-C388-46D1-B9B8-26D44E63CCE6}.Release|Any CPU.Build.0 = Release|Any CPU
		{A7B5EF5F-3808-4135-B9CD-F7D2AFCADDE7}.Debug|Any CPU.ActiveCfg = Debug|Any CPU
		{A7B5EF5F-3808-4135-B9CD-F7D2AFCADDE7}.Debug|Any CPU.Build.0 = Debug|Any CPU
		{A7B5EF5F-3808-4135-B9CD-F7D2AFCADDE7}.Release|Any CPU.ActiveCfg = Release|Any CPU
		{A7B5EF5F-3808-4135-B9CD-F7D2AFCADDE7}.Release|Any CPU.Build.0 = Release|Any CPU
		{2562A3B6-D7A5-41B0-914F-29DCCB225F45}.Debug|Any CPU.ActiveCfg = Debug|Any CPU
		{2562A3B6-D7A5-41B0-914F-29DCCB225F45}.Debug|Any CPU.Build.0 = Debug|Any CPU
		{2562A3B6-D7A5-41B0-914F-29DCCB225F45}.Release|Any CPU.ActiveCfg = Release|Any CPU
		{2562A3B6-D7A5-41B0-914F-29DCCB225F45}.Release|Any CPU.Build.0 = Release|Any CPU
	EndGlobalSection
	GlobalSection(SolutionProperties) = preSolution
		HideSolutionNode = FALSE
	EndGlobalSection
	GlobalSection(ExtensibilityGlobals) = postSolution
		SolutionGuid = {AF1714FE-6C13-4E24-BDA9-653748C3FC0C}
	EndGlobalSection
EndGlobal
